// !$*UTF8*$!
{
	archiveVersion = 1;
	classes = {
	};
	objectVersion = 56;
	objects = {

/* Begin PBXBuildFile section */
		A10000010000000000000001 /* OneTapDiaryApp.swift in Sources */ = {isa = PBXBuildFile; fileRef = A20000010000000000000001 /* OneTapDiaryApp.swift */; };
		A10000020000000000000001 /* ContentView.swift in Sources */ = {isa = PBXBuildFile; fileRef = A20000020000000000000001 /* ContentView.swift */; };
		A10000030000000000000001 /* Entry.swift in Sources */ = {isa = PBXBuildFile; fileRef = A20000030000000000000001 /* Entry.swift */; };
		A10000040000000000000001 /* EntryStore.swift in Sources */ = {isa = PBXBuildFile; fileRef = A20000040000000000000001 /* EntryStore.swift */; };
		A10000050000000000000001 /* Assets.xcassets in Resources */ = {isa = PBXBuildFile; fileRef = A20000050000000000000001 /* Assets.xcassets */; };
/* End PBXBuildFile section */

/* Begin PBXFileReference section */
		A20000010000000000000001 /* OneTapDiaryApp.swift */ = {isa = PBXFileReference; lastKnownFileType = sourcecode.swift; path = OneTapDiaryApp.swift; sourceTree = "<group>"; };
		A20000020000000000000001 /* ContentView.swift */ = {isa = PBXFileReference; lastKnownFileType = sourcecode.swift; path = ContentView.swift; sourceTree = "<group>"; };
		A20000030000000000000001 /* Entry.swift */ = {isa = PBXFileReference; lastKnownFileType = sourcecode.swift; path = Entry.swift; sourceTree = "<group>"; };
		A20000040000000000000001 /* EntryStore.swift */ = {isa = PBXFileReference; lastKnownFileType = sourcecode.swift; path = EntryStore.swift; sourceTree = "<group>"; };
		A20000050000000000000001 /* Assets.xcassets */ = {isa = PBXFileReference; lastKnownFileType = folder.assetcatalog; path = Assets.xcassets; sourceTree = "<group>"; };
		A20000060000000000000001 /* OneTapDiary.app */ = {isa = PBXFileReference; explicitFileType = wrapper.application; includeInIndex = 0; path = OneTapDiary.app; sourceTree = BUILT_PRODUCTS_DIR; };
/* End PBXFileReference section */

/* Begin PBXFrameworksBuildPhase section */
		A30000010000000000000001 /* Frameworks */ = {
			isa = PBXFrameworksBuildPhase;
			buildActionMask = 2147483647;
			files = (
			);
			runOnlyForDeploymentPostprocessing = 0;
		};
/* End PBXFrameworksBuildPhase section */

/* Begin PBXGroup section */
		A40000010000000000000001 = {
			isa = PBXGroup;
			children = (
				A40000020000000000000001 /* OneTapDiary */,
				A40000030000000000000001 /* Products */,
			);
			sourceTree = "<group>";
		};
		A40000020000000000000001 /* OneTapDiary */ = {
			isa = PBXGroup;
			path = OneTapDiary;
			sourceTree = "<group>";
			children = (
				A20000010000000000000001 /* OneTapDiaryApp.swift */,
				A20000020000000000000001 /* ContentView.swift */,
				A20000030000000000000001 /* Entry.swift */,
				A20000040000000000000001 /* EntryStore.swift */,
				A20000050000000000000001 /* Assets.xcassets */,
			);
		};
		A40000030000000000000001 /* Products */ = {
			isa = PBXGroup;
			children = (
				A20000060000000000000001 /* OneTapDiary.app */,
			);
			name = Products;
			sourceTree = "<group>";
		};
/* End PBXGroup section */

/* Begin PBXNativeTarget section */
		A50000010000000000000001 /* OneTapDiary */ = {
			isa = PBXNativeTarget;
			buildConfigurationList = A60000020000000000000001 /* Build configuration list for PBXNativeTarget "OneTapDiary" */;
			buildPhases = (
				A30000020000000000000001 /* Sources */,
				A30000010000000000000001 /* Frameworks */,
				A30000030000000000000001 /* Resources */,
			);
			buildRules = (
			);
			dependencies = (
			);
			name = OneTapDiary;
			productName = OneTapDiary;
			productReference = A20000060000000000000001 /* OneTapDiary.app */;
			productType = "com.apple.product-type.application";
		};
/* End PBXNativeTarget section */

/* Begin PBXProject section */
		A60000010000000000000001 /* Project object */ = {
			isa = PBXProject;
			attributes = {
				BuildIndependentTargetsInParallel = 1;
				LastSwiftUpdateCheck = 1500;
				LastUpgradeCheck = 1500;
				TargetAttributes = {
					A50000010000000000000001 = {
						CreatedOnToolsVersion = 15.0;
					};
				};
			};
			buildConfigurationList = A60000010000000000000002 /* Build configuration list for PBXProject "OneTapDiary" */;
			compatibilityVersion = "Xcode 14.0";
			developmentRegion = en;
			hasScannedForEncodings = 0;
			knownRegions = (
				en,
				Base,
			);
			mainGroup = A40000010000000000000001;
			productRefGroup = A40000030000000000000001 /* Products */;
			projectDirPath = "";
			projectRoot = "";
			targets = (
				A50000010000000000000001 /* OneTapDiary */,
			);
		};
/* End PBXProject section */

/* Begin PBXResourcesBuildPhase section */
		A30000030000000000000001 /* Resources */ = {
			isa = PBXResourcesBuildPhase;
			buildActionMask = 2147483647;
			files = (
				A10000050000000000000001 /* Assets.xcassets in Resources */,
			);
			runOnlyForDeploymentPostprocessing = 0;
		};
/* End PBXResourcesBuildPhase section */

/* Begin PBXSourcesBuildPhase section */
		A30000020000000000000001 /* Sources */ = {
			isa = PBXSourcesBuildPhase;
			buildActionMask = 2147483647;
			files = (
				A10000010000000000000001 /* OneTapDiaryApp.swift in Sources */,
				A10000020000000000000001 /* ContentView.swift in Sources */,
				A10000030000000000000001 /* Entry.swift in Sources */,
				A10000040000000000000001 /* EntryStore.swift in Sources */,
			);
			runOnlyForDeploymentPostprocessing = 0;
		};
/* End PBXSourcesBuildPhase section */

/* Begin XCBuildConfiguration section */
		A70000010000000000000001 /* Debug */ = {
			isa = XCBuildConfiguration;
			buildSettings = {
				ALWAYS_SEARCH_USER_PATHS = NO;
				CLANG_ENABLE_MODULES = YES;
				CLANG_ENABLE_OBJC_ARC = YES;
				CLANG_WARN_DOCUMENTATION_COMMENTS = YES;
				COPY_PHASE_STRIP = NO;
				DEBUG_INFORMATION_FORMAT = dwarf;
				ENABLE_STRICT_OBJC_MSGSEND = YES;
				ENABLE_TESTABILITY = YES;
				GCC_C_LANGUAGE_STANDARD = gnu17;
				GCC_DYNAMIC_NO_PIC = NO;
				GCC_NO_COMMON_BLOCKS = YES;
				GCC_OPTIMIZATION_LEVEL = 0;
				GCC_PREPROCESSOR_DEFINITIONS = (
					"DEBUG=1",
					"$(inherited)",
				);
				GCC_WARN_64_TO_32_BIT_CONVERSION = YES;
				GCC_WARN_ABOUT_RETURN_TYPE = YES_ERROR;
				GCC_WARN_UNDECLARED_SELECTOR = YES;
				GCC_WARN_UNINITIALIZED_AUTOS = YES_AGGRESSIVE;
				GCC_WARN_UNUSED_FUNCTION = YES;
				GCC_WARN_UNUSED_VARIABLE = YES;
				IPHONEOS_DEPLOYMENT_TARGET = 17.0;
				MTL_ENABLE_DEBUG_INFO = INCLUDE_SOURCE;
				MTL_FAST_MATH = YES;
				ONLY_ACTIVE_ARCH = YES;
				SDKROOT = iphoneos;
				SWIFT_ACTIVE_COMPILATION_CONDITIONS = DEBUG;
				SWIFT_OPTIMIZATION_LEVEL = "-Onone";
			};
			name = Debug;
		};
		A70000020000000000000001 /* Release */ = {
			isa = XCBuildConfiguration;
			buildSettings = {
				ALWAYS_SEARCH_USER_PATHS = NO;
				CLANG_ENABLE_MODULES = YES;
				CLANG_ENABLE_OBJC_ARC = YES;
				CLANG_WARN_DOCUMENTATION_COMMENTS = YES;
				COPY_PHASE_STRIP = NO;
				DEBUG_INFORMATION_FORMAT = "dwarf-with-dsym";
				ENABLE_NS_ASSERTIONS = NO;
				ENABLE_STRICT_OBJC_MSGSEND = YES;
				GCC_C_LANGUAGE_STANDARD = gnu17;
				GCC_NO_COMMON_BLOCKS = YES;
				GCC_WARN_64_TO_32_BIT_CONVERSION = YES;
				GCC_WARN_ABOUT_RETURN_TYPE = YES_ERROR;
				GCC_WARN_UNDECLARED_SELECTOR = YES;
				GCC_WARN_UNINITIALIZED_AUTOS = YES_AGGRESSIVE;
				GCC_WARN_UNUSED_FUNCTION = YES;
				GCC_WARN_UNUSED_VARIABLE = YES;
				IPHONEOS_DEPLOYMENT_TARGET = 17.0;
				MTL_ENABLE_DEBUG_INFO = NO;
				MTL_FAST_MATH = YES;
				SDKROOT = iphoneos;
				SWIFT_COMPILATION_MODE = wholemodule;
				VALIDATE_PRODUCT = YES;
			};
			name = Release;
		};
		A70000030000000000000001 /* Debug */ = {
			isa = XCBuildConfiguration;
			buildSettings = {
				ASSETCATALOG_COMPILER_APPICON_NAME = AppIcon;
				ASSETCATALOG_COMPILER_GLOBAL_ACCENT_COLOR_NAME = AccentColor;
				CODE_SIGN_STYLE = Automatic;
				CURRENT_PROJECT_VERSION = 1;
				DEVELOPMENT_TEAM = "";
				GENERATE_INFOPLIST_FILE = YES;
				INFOPLIST_KEY_CFBundleDisplayName = "ワンタップ日記";
				INFOPLIST_KEY_UIApplicationSceneManifest_Generation = YES;
				INFOPLIST_KEY_UIApplicationSupportsIndirectInputEvents = YES;
				INFOPLIST_KEY_UILaunchScreen_Generation = YES;
				INFOPLIST_KEY_UISupportedInterfaceOrientations_iPhone = "UIInterfaceOrientationPortrait UIInterfaceOrientationLandscapeLeft UIInterfaceOrientationLandscapeRight";
				LD_RUNPATH_SEARCH_PATHS = (
					"$(inherited)",
					"@executable_path/Frameworks",
				);
				MARKETING_VERSION = 1.0;
				PRODUCT_BUNDLE_IDENTIFIER = com.example.OneTapDiary;
				PRODUCT_NAME = "$(TARGET_NAME)";
				SUPPORTED_PLATFORMS = "iphoneos iphonesimulator";
				SWIFT_EMIT_LOC_STRINGS = YES;
				SWIFT_VERSION = 5.0;
				TARGETED_DEVICE_FAMILY = "1,2";
			};
			name = Debug;
		};
		A70000040000000000000001 /* Release */ = {
			isa = XCBuildConfiguration;
			buildSettings = {
				ASSETCATALOG_COMPILER_APPICON_NAME = AppIcon;
				ASSETCATALOG_COMPILER_GLOBAL_ACCENT_COLOR_NAME = AccentColor;
				CODE_SIGN_STYLE = Automatic;
				CURRENT_PROJECT_VERSION = 1;
				DEVELOPMENT_TEAM = "";
				GENERATE_INFOPLIST_FILE = YES;
				INFOPLIST_KEY_CFBundleDisplayName = "ワンタップ日記";
				INFOPLIST_KEY_UIApplicationSceneManifest_Generation = YES;
				INFOPLIST_KEY_UIApplicationSupportsIndirectInputEvents = YES;
				INFOPLIST_KEY_UILaunchScreen_Generation = YES;
				INFOPLIST_KEY_UISupportedInterfaceOrientations_iPhone = "UIInterfaceOrientationPortrait UIInterfaceOrientationLandscapeLeft UIInterfaceOrientationLandscapeRight";
				LD_RUNPATH_SEARCH_PATHS = (
					"$(inherited)",
					"@executable_path/Frameworks",
				);
				MARKETING_VERSION = 1.0;
				PRODUCT_BUNDLE_IDENTIFIER = com.example.OneTapDiary;
				PRODUCT_NAME = "$(TARGET_NAME)";
				SUPPORTED_PLATFORMS = "iphoneos iphonesimulator";
				SWIFT_EMIT_LOC_STRINGS = YES;
				SWIFT_VERSION = 5.0;
				TARGETED_DEVICE_FAMILY = "1,2";
			};
			name = Release;
		};
/* End XCBuildConfiguration section */

/* Begin XCConfigurationList section */
		A60000010000000000000002 /* Build configuration list for PBXProject "OneTapDiary" */ = {
			isa = XCConfigurationList;
			buildConfigurations = (
				A70000010000000000000001 /* Debug */,
				A70000020000000000000001 /* Release */,
			);
			defaultConfigurationIsVisible = 0;
			defaultConfigurationName = Release;
		};
		A60000020000000000000001 /* Build configuration list for PBXNativeTarget "OneTapDiary" */ = {
			isa = XCConfigurationList;
			buildConfigurations = (
				A70000030000000000000001 /* Debug */,
				A70000040000000000000001 /* Release */,
			);
			defaultConfigurationIsVisible = 0;
			defaultConfigurationName = Release;
		};
/* End XCConfigurationList section */
	};
	rootObject = A60000010000000000000001 /* Project object */;
}
